
Microsoft Visual Studio Solution File, Format Version 12.00
# Visual Studio 15
VisualStudioVersion = 15.0.27130.2020
MinimumVisualStudioVersion = 10.0.40219.1
Project("{9A19103F-16F7-4668-BE54-9A1E7A4F7556}") = "CML.NetCore", "CML.NetCore\CML.NetCore.csproj", "{03BA8726-F62C-4D74-AC96-6F10A0AF626A}"
EndProject
Project("{9A19103F-16F7-4668-BE54-9A1E7A4F7556}") = "CML.Lib", "CML.NetCore.Infrastructure\CML.Lib.csproj", "{5083041E-6654-4A1A-9F1F-9A87806598CF}"
EndProject
Project("{9A19103F-16F7-4668-BE54-9A1E7A4F7556}") = "CML.DataAccess", "CML.DataAccess\CML.DataAccess.csproj", "{BAD9D7E9-4257-4051-B353-6FC932E87B48}"
EndProject
Project("{FAE04EC0-301F-11D3-BF4B-00C04F79EFBC}") = "NewCoreWeb", "NewCoreWeb\NewCoreWeb.csproj", "{7DE0A196-F0DE-4A37-B360-866D498A87A2}"
EndProject
Project("{FAE04EC0-301F-11D3-BF4B-00C04F79EFBC}") = "CML.Applications", "CML.Applications\CML.Applications.csproj", "{E6633B5A-F9FA-45E5-AAB2-8A3827F32568}"
EndProject
Global
	GlobalSection(SolutionConfigurationPlatforms) = preSolution
		Debug|Any CPU = Debug|Any CPU
		Release|Any CPU = Release|Any CPU
	EndGlobalSection
	GlobalSection(ProjectConfigurationPlatforms) = postSolution
		{03BA8726-F62C-4D74-AC96-6F10A0AF626A}.Debug|Any CPU.ActiveCfg = Debug|Any CPU
		{03BA8726-F62C-4D74-AC96-6F10A0AF626A}.Debug|Any CPU.Build.0 = Debug|Any CPU
		{03BA8726-F62C-4D74-AC96-6F10A0AF626A}.Release|Any CPU.ActiveCfg = Release|Any CPU
		{03BA8726-F62C-4D74-AC96-6F10A0AF626A}.Release|Any CPU.Build.0 = Release|Any CPU
		{5083041E-6654-4A1A-9F1F-9A87806598CF}.Debug|Any CPU.ActiveCfg = Debug|Any CPU
		{5083041E-6654-4A1A-9F1F-9A87806598CF}.Debug|Any CPU.Build.0 = Debug|Any CPU
		{5083041E-6654-4A1A-9F1F-9A87806598CF}.Release|Any CPU.ActiveCfg = Release|Any CPU
		{5083041E-6654-4A1A-9F1F-9A87806598CF}.Release|Any CPU.Build.0 = Release|Any CPU
		{BAD9D7E9-4257-4051-B353-6FC932E87B48}.Debug|Any CPU.ActiveCfg = Debug|Any CPU
		{BAD9D7E9-4257-4051-B353-6FC932E87B48}.Debug|Any CPU.Build.0 = Debug|Any CPU
		{BAD9D7E9-4257-4051-B353-6FC932E87B48}.Release|Any CPU.ActiveCfg = Release|Any CPU
		{BAD9D7E9-4257-4051-B353-6FC932E87B48}.Release|Any CPU.Build.0 = Release|Any CPU
		{7DE0A196-F0DE-4A37-B360-866D498A87A2}.Debug|Any CPU.ActiveCfg = Debug|Any CPU
		{7DE0A196-F0DE-4A37-B360-866D498A87A2}.Debug|Any CPU.Build.0 = Debug|Any CPU
		{7DE0A196-F0DE-4A37-B360-866D498A87A2}.Release|Any CPU.ActiveCfg = Release|Any CPU
		{7DE0A196-F0DE-4A37-B360-866D498A87A2}.Release|Any CPU.Build.0 = Release|Any CPU
		{E6633B5A-F9FA-45E5-AAB2-8A3827F32568}.Debug|Any CPU.ActiveCfg = Debug|Any CPU
		{E6633B5A-F9FA-45E5-AAB2-8A3827F32568}.Debug|Any CPU.Build.0 = Debug|Any CPU
		{E6633B5A-F9FA-45E5-AAB2-8A3827F32568}.Release|Any CPU.ActiveCfg = Release|Any CPU
		{E6633B5A-F9FA-45E5-AAB2-8A3827F32568}.Release|Any CPU.Build.0 = Release|Any CPU
	EndGlobalSection
	GlobalSection(SolutionProperties) = preSolution
		HideSolutionNode = FALSE
	EndGlobalSection
	GlobalSection(ExtensibilityGlobals) = postSolution
		SolutionGuid = {F016290C-3436-4DCC-AEB4-983AB1498DC7}
	EndGlobalSection
EndGlobal
