
Microsoft Visual Studio Solution File, Format Version 12.00
# Visual Studio 15
VisualStudioVersion = 15.0.27130.2020
MinimumVisualStudioVersion = 10.0.40219.1
Project("{9A19103F-16F7-4668-BE54-9A1E7A4F7556}") = "CML.Lib", "CML.NetCore.Infrastructure\CML.Lib.csproj", "{5083041E-6654-4A1A-9F1F-9A87806598CF}"
EndProject
Project("{9A19103F-16F7-4668-BE54-9A1E7A4F7556}") = "CML.DataAccess", "CML.DataAccess\CML.DataAccess.csproj", "{BAD9D7E9-4257-4051-B353-6FC932E87B48}"
EndProject
Project("{9A19103F-16F7-4668-BE54-9A1E7A4F7556}") = "NewCoreWeb", "NewCoreWeb\NewCoreWeb.csproj", "{7DE0A196-F0DE-4A37-B360-866D498A87A2}"
EndProject
Project("{9A19103F-16F7-4668-BE54-9A1E7A4F7556}") = "CML.Applications", "CML.Applications\CML.Applications.csproj", "{E6633B5A-F9FA-45E5-AAB2-8A3827F32568}"
EndProject
Project("{9A19103F-16F7-4668-BE54-9A1E7A4F7556}") = "CML.Lib.Test", "CML.Lib.Test\CML.Lib.Test.csproj", "{31441DAC-4A19-465C-AD55-6EA27A6494EE}"
EndProject
Project("{9A19103F-16F7-4668-BE54-9A1E7A4F7556}") = "CML.DataAccess.Test", "CML.DataAccess.Test\CML.DataAccess.Test.csproj", "{7277CE7A-D24A-4245-AB43-B022654BCD38}"
EndProject
Project("{2150E333-8FDC-42A3-9474-1A3956D46DE8}") = "0_Biz", "0_Biz", "{EAC0BAEA-7F8E-49DC-912C-2A8A389B4E80}"
EndProject
Project("{9A19103F-16F7-4668-BE54-9A1E7A4F7556}") = "CML.MQ", "CML.MQ\CML.MQ.csproj", "{A3AB6AD1-98E2-4289-A4CF-AE0E970ECA6D}"
EndProject
Project("{2150E333-8FDC-42A3-9474-1A3956D46DE8}") = "3_Tests", "3_Tests", "{50CA7BCA-13D2-4B47-BBA6-AB6413E9C234}"
EndProject
Project("{9A19103F-16F7-4668-BE54-9A1E7A4F7556}") = "CML.MQ.Test", "CML.MQ.Test\CML.MQ.Test.csproj", "{EE0D2123-532F-4E3E-94B1-E5ED2B4D8BFB}"
EndProject
Project("{9A19103F-16F7-4668-BE54-9A1E7A4F7556}") = "CML.MQ.Pull.Test", "CML.MQ.Pull.Test\CML.MQ.Pull.Test.csproj", "{6A058865-D333-4A1E-A239-2D9149704DAE}"
EndProject
Project("{9A19103F-16F7-4668-BE54-9A1E7A4F7556}") = "CML.MQ.Subscribe.Test", "CML.MQ.Subscribe.Test\CML.MQ.Subscribe.Test.csproj", "{B1333C55-AF10-42FB-AFD7-C2101DDED633}"
EndProject
Project("{9A19103F-16F7-4668-BE54-9A1E7A4F7556}") = "CML.Redis", "CML.Redis\CML.Redis.csproj", "{F0DA3DC2-0AAE-49B2-94A1-A7C83B144F28}"
EndProject
Project("{9A19103F-16F7-4668-BE54-9A1E7A4F7556}") = "CML.Redis.Test", "CML.Redis.Test\CML.Redis.Test.csproj", "{F7A5FEAC-EAEC-4F32-B446-97C9B82C050C}"
EndProject
Project("{2150E333-8FDC-42A3-9474-1A3956D46DE8}") = "2_Demo", "2_Demo", "{6816D619-7D10-47BD-8BBD-E87E09ACC050}"
EndProject
Project("{9A19103F-16F7-4668-BE54-9A1E7A4F7556}") = "CML.AspNetCore", "CML.Api\CML.AspNetCore.csproj", "{5FD47B0E-429F-41EF-A399-12A0577646C9}"
EndProject
Project("{9A19103F-16F7-4668-BE54-9A1E7A4F7556}") = "CML.AspNetCore.Test", "CML.AspNetCore.Test\CML.AspNetCore.Test.csproj", "{870D6A16-A398-4D4E-8D96-0C273AA27584}"
EndProject
Project("{9A19103F-16F7-4668-BE54-9A1E7A4F7556}") = "HttpApiClient.Core", "HttpApiClient.Core\HttpApiClient.Core.csproj", "{50299FDC-D818-446B-AB4B-02E3599066B8}"
EndProject
Project("{9A19103F-16F7-4668-BE54-9A1E7A4F7556}") = "CML.Consul", "CML.Consul\CML.Consul.csproj", "{AFF966E4-3E21-4ADD-A41A-E1B40415F40C}"
EndProject
Project("{FAE04EC0-301F-11D3-BF4B-00C04F79EFBC}") = "DataControl", "DataControl\DataControl.csproj", "{211FCA05-328F-4E15-AF0E-5ED533D2AD98}"
EndProject
Global
	GlobalSection(SolutionConfigurationPlatforms) = preSolution
		Debug|Any CPU = Debug|Any CPU
		Release|Any CPU = Release|Any CPU
	EndGlobalSection
	GlobalSection(ProjectConfigurationPlatforms) = postSolution
		{5083041E-6654-4A1A-9F1F-9A87806598CF}.Debug|Any CPU.ActiveCfg = Debug|Any CPU
		{5083041E-6654-4A1A-9F1F-9A87806598CF}.Debug|Any CPU.Build.0 = Debug|Any CPU
		{5083041E-6654-4A1A-9F1F-9A87806598CF}.Release|Any CPU.ActiveCfg = Release|Any CPU
		{5083041E-6654-4A1A-9F1F-9A87806598CF}.Release|Any CPU.Build.0 = Release|Any CPU
		{BAD9D7E9-4257-4051-B353-6FC932E87B48}.Debug|Any CPU.ActiveCfg = Debug|Any CPU
		{BAD9D7E9-4257-4051-B353-6FC932E87B48}.Debug|Any CPU.Build.0 = Debug|Any CPU
		{BAD9D7E9-4257-4051-B353-6FC932E87B48}.Release|Any CPU.ActiveCfg = Release|Any CPU
		{BAD9D7E9-4257-4051-B353-6FC932E87B48}.Release|Any CPU.Build.0 = Release|Any CPU
		{7DE0A196-F0DE-4A37-B360-866D498A87A2}.Debug|Any CPU.ActiveCfg = Debug|Any CPU
		{7DE0A196-F0DE-4A37-B360-866D498A87A2}.Debug|Any CPU.Build.0 = Debug|Any CPU
		{7DE0A196-F0DE-4A37-B360-866D498A87A2}.Release|Any CPU.ActiveCfg = Release|Any CPU
		{7DE0A196-F0DE-4A37-B360-866D498A87A2}.Release|Any CPU.Build.0 = Release|Any CPU
		{E6633B5A-F9FA-45E5-AAB2-8A3827F32568}.Debug|Any CPU.ActiveCfg = Debug|Any CPU
		{E6633B5A-F9FA-45E5-AAB2-8A3827F32568}.Debug|Any CPU.Build.0 = Debug|Any CPU
		{E6633B5A-F9FA-45E5-AAB2-8A3827F32568}.Release|Any CPU.ActiveCfg = Release|Any CPU
		{E6633B5A-F9FA-45E5-AAB2-8A3827F32568}.Release|Any CPU.Build.0 = Release|Any CPU
		{31441DAC-4A19-465C-AD55-6EA27A6494EE}.Debug|Any CPU.ActiveCfg = Debug|Any CPU
		{31441DAC-4A19-465C-AD55-6EA27A6494EE}.Debug|Any CPU.Build.0 = Debug|Any CPU
		{31441DAC-4A19-465C-AD55-6EA27A6494EE}.Release|Any CPU.ActiveCfg = Release|Any CPU
		{31441DAC-4A19-465C-AD55-6EA27A6494EE}.Release|Any CPU.Build.0 = Release|Any CPU
		{7277CE7A-D24A-4245-AB43-B022654BCD38}.Debug|Any CPU.ActiveCfg = Debug|Any CPU
		{7277CE7A-D24A-4245-AB43-B022654BCD38}.Debug|Any CPU.Build.0 = Debug|Any CPU
		{7277CE7A-D24A-4245-AB43-B022654BCD38}.Release|Any CPU.ActiveCfg = Release|Any CPU
		{7277CE7A-D24A-4245-AB43-B022654BCD38}.Release|Any CPU.Build.0 = Release|Any CPU
		{A3AB6AD1-98E2-4289-A4CF-AE0E970ECA6D}.Debug|Any CPU.ActiveCfg = Debug|Any CPU
		{A3AB6AD1-98E2-4289-A4CF-AE0E970ECA6D}.Debug|Any CPU.Build.0 = Debug|Any CPU
		{A3AB6AD1-98E2-4289-A4CF-AE0E970ECA6D}.Release|Any CPU.ActiveCfg = Release|Any CPU
		{A3AB6AD1-98E2-4289-A4CF-AE0E970ECA6D}.Release|Any CPU.Build.0 = Release|Any CPU
		{EE0D2123-532F-4E3E-94B1-E5ED2B4D8BFB}.Debug|Any CPU.ActiveCfg = Debug|Any CPU
		{EE0D2123-532F-4E3E-94B1-E5ED2B4D8BFB}.Debug|Any CPU.Build.0 = Debug|Any CPU
		{EE0D2123-532F-4E3E-94B1-E5ED2B4D8BFB}.Release|Any CPU.ActiveCfg = Release|Any CPU
		{EE0D2123-532F-4E3E-94B1-E5ED2B4D8BFB}.Release|Any CPU.Build.0 = Release|Any CPU
		{6A058865-D333-4A1E-A239-2D9149704DAE}.Debug|Any CPU.ActiveCfg = Debug|Any CPU
		{6A058865-D333-4A1E-A239-2D9149704DAE}.Debug|Any CPU.Build.0 = Debug|Any CPU
		{6A058865-D333-4A1E-A239-2D9149704DAE}.Release|Any CPU.ActiveCfg = Release|Any CPU
		{6A058865-D333-4A1E-A239-2D9149704DAE}.Release|Any CPU.Build.0 = Release|Any CPU
		{B1333C55-AF10-42FB-AFD7-C2101DDED633}.Debug|Any CPU.ActiveCfg = Debug|Any CPU
		{B1333C55-AF10-42FB-AFD7-C2101DDED633}.Debug|Any CPU.Build.0 = Debug|Any CPU
		{B1333C55-AF10-42FB-AFD7-C2101DDED633}.Release|Any CPU.ActiveCfg = Release|Any CPU
		{B1333C55-AF10-42FB-AFD7-C2101DDED633}.Release|Any CPU.Build.0 = Release|Any CPU
		{F0DA3DC2-0AAE-49B2-94A1-A7C83B144F28}.Debug|Any CPU.ActiveCfg = Debug|Any CPU
		{F0DA3DC2-0AAE-49B2-94A1-A7C83B144F28}.Debug|Any CPU.Build.0 = Debug|Any CPU
		{F0DA3DC2-0AAE-49B2-94A1-A7C83B144F28}.Release|Any CPU.ActiveCfg = Release|Any CPU
		{F0DA3DC2-0AAE-49B2-94A1-A7C83B144F28}.Release|Any CPU.Build.0 = Release|Any CPU
		{F7A5FEAC-EAEC-4F32-B446-97C9B82C050C}.Debug|Any CPU.ActiveCfg = Debug|Any CPU
		{F7A5FEAC-EAEC-4F32-B446-97C9B82C050C}.Debug|Any CPU.Build.0 = Debug|Any CPU
		{F7A5FEAC-EAEC-4F32-B446-97C9B82C050C}.Release|Any CPU.ActiveCfg = Release|Any CPU
		{F7A5FEAC-EAEC-4F32-B446-97C9B82C050C}.Release|Any CPU.Build.0 = Release|Any CPU
		{5FD47B0E-429F-41EF-A399-12A0577646C9}.Debug|Any CPU.ActiveCfg = Debug|Any CPU
		{5FD47B0E-429F-41EF-A399-12A0577646C9}.Debug|Any CPU.Build.0 = Debug|Any CPU
		{5FD47B0E-429F-41EF-A399-12A0577646C9}.Release|Any CPU.ActiveCfg = Release|Any CPU
		{5FD47B0E-429F-41EF-A399-12A0577646C9}.Release|Any CPU.Build.0 = Release|Any CPU
		{870D6A16-A398-4D4E-8D96-0C273AA27584}.Debug|Any CPU.ActiveCfg = Debug|Any CPU
		{870D6A16-A398-4D4E-8D96-0C273AA27584}.Debug|Any CPU.Build.0 = Debug|Any CPU
		{870D6A16-A398-4D4E-8D96-0C273AA27584}.Release|Any CPU.ActiveCfg = Release|Any CPU
		{870D6A16-A398-4D4E-8D96-0C273AA27584}.Release|Any CPU.Build.0 = Release|Any CPU
		{50299FDC-D818-446B-AB4B-02E3599066B8}.Debug|Any CPU.ActiveCfg = Debug|Any CPU
		{50299FDC-D818-446B-AB4B-02E3599066B8}.Debug|Any CPU.Build.0 = Debug|Any CPU
		{50299FDC-D818-446B-AB4B-02E3599066B8}.Release|Any CPU.ActiveCfg = Release|Any CPU
		{50299FDC-D818-446B-AB4B-02E3599066B8}.Release|Any CPU.Build.0 = Release|Any CPU
		{AFF966E4-3E21-4ADD-A41A-E1B40415F40C}.Debug|Any CPU.ActiveCfg = Debug|Any CPU
		{AFF966E4-3E21-4ADD-A41A-E1B40415F40C}.Debug|Any CPU.Build.0 = Debug|Any CPU
		{AFF966E4-3E21-4ADD-A41A-E1B40415F40C}.Release|Any CPU.ActiveCfg = Release|Any CPU
		{AFF966E4-3E21-4ADD-A41A-E1B40415F40C}.Release|Any CPU.Build.0 = Release|Any CPU
		{211FCA05-328F-4E15-AF0E-5ED533D2AD98}.Debug|Any CPU.ActiveCfg = Debug|Any CPU
		{211FCA05-328F-4E15-AF0E-5ED533D2AD98}.Debug|Any CPU.Build.0 = Debug|Any CPU
		{211FCA05-328F-4E15-AF0E-5ED533D2AD98}.Release|Any CPU.ActiveCfg = Release|Any CPU
		{211FCA05-328F-4E15-AF0E-5ED533D2AD98}.Release|Any CPU.Build.0 = Release|Any CPU
	EndGlobalSection
	GlobalSection(SolutionProperties) = preSolution
		HideSolutionNode = FALSE
	EndGlobalSection
	GlobalSection(NestedProjects) = preSolution
		{31441DAC-4A19-465C-AD55-6EA27A6494EE} = {50CA7BCA-13D2-4B47-BBA6-AB6413E9C234}
		{7277CE7A-D24A-4245-AB43-B022654BCD38} = {50CA7BCA-13D2-4B47-BBA6-AB6413E9C234}
		{EE0D2123-532F-4E3E-94B1-E5ED2B4D8BFB} = {50CA7BCA-13D2-4B47-BBA6-AB6413E9C234}
		{6A058865-D333-4A1E-A239-2D9149704DAE} = {50CA7BCA-13D2-4B47-BBA6-AB6413E9C234}
		{B1333C55-AF10-42FB-AFD7-C2101DDED633} = {50CA7BCA-13D2-4B47-BBA6-AB6413E9C234}
		{F7A5FEAC-EAEC-4F32-B446-97C9B82C050C} = {50CA7BCA-13D2-4B47-BBA6-AB6413E9C234}
		{870D6A16-A398-4D4E-8D96-0C273AA27584} = {50CA7BCA-13D2-4B47-BBA6-AB6413E9C234}
		{211FCA05-328F-4E15-AF0E-5ED533D2AD98} = {EAC0BAEA-7F8E-49DC-912C-2A8A389B4E80}
	EndGlobalSection
	GlobalSection(ExtensibilityGlobals) = postSolution
		SolutionGuid = {F016290C-3436-4DCC-AEB4-983AB1498DC7}
	EndGlobalSection
EndGlobal
